// !$*UTF8*$!
{
	archiveVersion = 1;
	classes = {
	};
	objectVersion = 55;
	objects = {

/* Begin PBXBuildFile section */
		3B32DD252850709000CC77D4 /* AppDelegate.swift in Sources */ = {isa = PBXBuildFile; fileRef = 3B32DD242850709000CC77D4 /* AppDelegate.swift */; };
		3B32DD272850709000CC77D4 /* SceneDelegate.swift in Sources */ = {isa = PBXBuildFile; fileRef = 3B32DD262850709000CC77D4 /* SceneDelegate.swift */; };
		3B32DD292850709000CC77D4 /* ViewController.swift in Sources */ = {isa = PBXBuildFile; fileRef = 3B32DD282850709000CC77D4 /* ViewController.swift */; };
		3B32DD2C2850709000CC77D4 /* Main.storyboard in Resources */ = {isa = PBXBuildFile; fileRef = 3B32DD2A2850709000CC77D4 /* Main.storyboard */; };
		3B32DD2E2850709200CC77D4 /* Assets.xcassets in Resources */ = {isa = PBXBuildFile; fileRef = 3B32DD2D2850709200CC77D4 /* Assets.xcassets */; };
		3B32DD312850709200CC77D4 /* LaunchScreen.storyboard in Resources */ = {isa = PBXBuildFile; fileRef = 3B32DD2F2850709200CC77D4 /* LaunchScreen.storyboard */; };
		3B32DD3C2850709200CC77D4 /* Example8LoginscreenAlertsTests.swift in Sources */ = {isa = PBXBuildFile; fileRef = 3B32DD3B2850709200CC77D4 /* Example8LoginscreenAlertsTests.swift */; };
		3B32DD462850709200CC77D4 /* Example8LoginscreenAlertsUITests.swift in Sources */ = {isa = PBXBuildFile; fileRef = 3B32DD452850709200CC77D4 /* Example8LoginscreenAlertsUITests.swift */; };
		3B32DD482850709200CC77D4 /* Example8LoginscreenAlertsUITestsLaunchTests.swift in Sources */ = {isa = PBXBuildFile; fileRef = 3B32DD472850709200CC77D4 /* Example8LoginscreenAlertsUITestsLaunchTests.swift */; };
		3B32DD5528507D8B00CC77D4 /* SignInViewController.swift in Sources */ = {isa = PBXBuildFile; fileRef = 3B32DD5428507D8B00CC77D4 /* SignInViewController.swift */; };
		3B32DD572850871900CC77D4 /* NewTableViewCell.swift in Sources */ = {isa = PBXBuildFile; fileRef = 3B32DD562850871900CC77D4 /* NewTableViewCell.swift */; };
		3B32DD5928508BCC00CC77D4 /* NewCollectionViewCell.swift in Sources */ = {isa = PBXBuildFile; fileRef = 3B32DD5828508BCC00CC77D4 /* NewCollectionViewCell.swift */; };
/* End PBXBuildFile section */

/* Begin PBXContainerItemProxy section */
		3B32DD382850709200CC77D4 /* PBXContainerItemProxy */ = {
			isa = PBXContainerItemProxy;
			containerPortal = 3B32DD192850709000CC77D4 /* Project object */;
			proxyType = 1;
			remoteGlobalIDString = 3B32DD202850709000CC77D4;
			remoteInfo = Example8LoginscreenAlerts;
		};
		3B32DD422850709200CC77D4 /* PBXContainerItemProxy */ = {
			isa = PBXContainerItemProxy;
			containerPortal = 3B32DD192850709000CC77D4 /* Project object */;
			proxyType = 1;
			remoteGlobalIDString = 3B32DD202850709000CC77D4;
			remoteInfo = Example8LoginscreenAlerts;
		};
/* End PBXContainerItemProxy section */

/* Begin PBXFileReference section */
		3B32DD212850709000CC77D4 /* Example8LoginscreenAlerts.app */ = {isa = PBXFileReference; explicitFileType = wrapper.application; includeInIndex = 0; path = Example8LoginscreenAlerts.app; sourceTree = BUILT_PRODUCTS_DIR; };
		3B32DD242850709000CC77D4 /* AppDelegate.swift */ = {isa = PBXFileReference; lastKnownFileType = sourcecode.swift; path = AppDelegate.swift; sourceTree = "<group>"; };
		3B32DD262850709000CC77D4 /* SceneDelegate.swift */ = {isa = PBXFileReference; lastKnownFileType = sourcecode.swift; path = SceneDelegate.swift; sourceTree = "<group>"; };
		3B32DD282850709000CC77D4 /* ViewController.swift */ = {isa = PBXFileReference; lastKnownFileType = sourcecode.swift; path = ViewController.swift; sourceTree = "<group>"; };
		3B32DD2B2850709000CC77D4 /* Base */ = {isa = PBXFileReference; lastKnownFileType = file.storyboard; name = Base; path = Base.lproj/Main.storyboard; sourceTree = "<group>"; };
		3B32DD2D2850709200CC77D4 /* Assets.xcassets */ = {isa = PBXFileReference; lastKnownFileType = folder.assetcatalog; path = Assets.xcassets; sourceTree = "<group>"; };
		3B32DD302850709200CC77D4 /* Base */ = {isa = PBXFileReference; lastKnownFileType = file.storyboard; name = Base; path = Base.lproj/LaunchScreen.storyboard; sourceTree = "<group>"; };
		3B32DD322850709200CC77D4 /* Info.plist */ = {isa = PBXFileReference; lastKnownFileType = text.plist.xml; path = Info.plist; sourceTree = "<group>"; };
		3B32DD372850709200CC77D4 /* Example8LoginscreenAlertsTests.xctest */ = {isa = PBXFileReference; explicitFileType = wrapper.cfbundle; includeInIndex = 0; path = Example8LoginscreenAlertsTests.xctest; sourceTree = BUILT_PRODUCTS_DIR; };
		3B32DD3B2850709200CC77D4 /* Example8LoginscreenAlertsTests.swift */ = {isa = PBXFileReference; lastKnownFileType = sourcecode.swift; path = Example8LoginscreenAlertsTests.swift; sourceTree = "<group>"; };
		3B32DD412850709200CC77D4 /* Example8LoginscreenAlertsUITests.xctest */ = {isa = PBXFileReference; explicitFileType = wrapper.cfbundle; includeInIndex = 0; path = Example8LoginscreenAlertsUITests.xctest; sourceTree = BUILT_PRODUCTS_DIR; };
		3B32DD452850709200CC77D4 /* Example8LoginscreenAlertsUITests.swift */ = {isa = PBXFileReference; lastKnownFileType = sourcecode.swift; path = Example8LoginscreenAlertsUITests.swift; sourceTree = "<group>"; };
		3B32DD472850709200CC77D4 /* Example8LoginscreenAlertsUITestsLaunchTests.swift */ = {isa = PBXFileReference; lastKnownFileType = sourcecode.swift; path = Example8LoginscreenAlertsUITestsLaunchTests.swift; sourceTree = "<group>"; };
		3B32DD5428507D8B00CC77D4 /* SignInViewController.swift */ = {isa = PBXFileReference; lastKnownFileType = sourcecode.swift; path = SignInViewController.swift; sourceTree = "<group>"; };
		3B32DD562850871900CC77D4 /* NewTableViewCell.swift */ = {isa = PBXFileReference; lastKnownFileType = sourcecode.swift; path = NewTableViewCell.swift; sourceTree = "<group>"; };
		3B32DD5828508BCC00CC77D4 /* NewCollectionViewCell.swift */ = {isa = PBXFileReference; lastKnownFileType = sourcecode.swift; path = NewCollectionViewCell.swift; sourceTree = "<group>"; };
/* End PBXFileReference section */

/* Begin PBXFrameworksBuildPhase section */
		3B32DD1E2850709000CC77D4 /* Frameworks */ = {
			isa = PBXFrameworksBuildPhase;
			buildActionMask = 2147483647;
			files = (
			);
			runOnlyForDeploymentPostprocessing = 0;
		};
		3B32DD342850709200CC77D4 /* Frameworks */ = {
			isa = PBXFrameworksBuildPhase;
			buildActionMask = 2147483647;
			files = (
			);
			runOnlyForDeploymentPostprocessing = 0;
		};
		3B32DD3E2850709200CC77D4 /* Frameworks */ = {
			isa = PBXFrameworksBuildPhase;
			buildActionMask = 2147483647;
			files = (
			);
			runOnlyForDeploymentPostprocessing = 0;
		};
/* End PBXFrameworksBuildPhase section */

/* Begin PBXGroup section */
		3B32DD182850709000CC77D4 = {
			isa = PBXGroup;
			children = (
				3B32DD232850709000CC77D4 /* Example8LoginscreenAlerts */,
				3B32DD3A2850709200CC77D4 /* Example8LoginscreenAlertsTests */,
				3B32DD442850709200CC77D4 /* Example8LoginscreenAlertsUITests */,
				3B32DD222850709000CC77D4 /* Products */,
			);
			sourceTree = "<group>";
		};
		3B32DD222850709000CC77D4 /* Products */ = {
			isa = PBXGroup;
			children = (
				3B32DD212850709000CC77D4 /* Example8LoginscreenAlerts.app */,
				3B32DD372850709200CC77D4 /* Example8LoginscreenAlertsTests.xctest */,
				3B32DD412850709200CC77D4 /* Example8LoginscreenAlertsUITests.xctest */,
			);
			name = Products;
			sourceTree = "<group>";
		};
		3B32DD232850709000CC77D4 /* Example8LoginscreenAlerts */ = {
			isa = PBXGroup;
			children = (
				3B32DD242850709000CC77D4 /* AppDelegate.swift */,
				3B32DD262850709000CC77D4 /* SceneDelegate.swift */,
				3B32DD282850709000CC77D4 /* ViewController.swift */,
				3B32DD2A2850709000CC77D4 /* Main.storyboard */,
				3B32DD5828508BCC00CC77D4 /* NewCollectionViewCell.swift */,
				3B32DD562850871900CC77D4 /* NewTableViewCell.swift */,
				3B32DD5428507D8B00CC77D4 /* SignInViewController.swift */,
				3B32DD2D2850709200CC77D4 /* Assets.xcassets */,
				3B32DD2F2850709200CC77D4 /* LaunchScreen.storyboard */,
				3B32DD322850709200CC77D4 /* Info.plist */,
			);
			path = Example8LoginscreenAlerts;
			sourceTree = "<group>";
		};
		3B32DD3A2850709200CC77D4 /* Example8LoginscreenAlertsTests */ = {
			isa = PBXGroup;
			children = (
				3B32DD3B2850709200CC77D4 /* Example8LoginscreenAlertsTests.swift */,
			);
			path = Example8LoginscreenAlertsTests;
			sourceTree = "<group>";
		};
		3B32DD442850709200CC77D4 /* Example8LoginscreenAlertsUITests */ = {
			isa = PBXGroup;
			children = (
				3B32DD452850709200CC77D4 /* Example8LoginscreenAlertsUITests.swift */,
				3B32DD472850709200CC77D4 /* Example8LoginscreenAlertsUITestsLaunchTests.swift */,
			);
			path = Example8LoginscreenAlertsUITests;
			sourceTree = "<group>";
		};
/* End PBXGroup section */

/* Begin PBXNativeTarget section */
		3B32DD202850709000CC77D4 /* Example8LoginscreenAlerts */ = {
			isa = PBXNativeTarget;
			buildConfigurationList = 3B32DD4B2850709200CC77D4 /* Build configuration list for PBXNativeTarget "Example8LoginscreenAlerts" */;
			buildPhases = (
				3B32DD1D2850709000CC77D4 /* Sources */,
				3B32DD1E2850709000CC77D4 /* Frameworks */,
				3B32DD1F2850709000CC77D4 /* Resources */,
			);
			buildRules = (
			);
			dependencies = (
			);
			name = Example8LoginscreenAlerts;
			productName = Example8LoginscreenAlerts;
			productReference = 3B32DD212850709000CC77D4 /* Example8LoginscreenAlerts.app */;
			productType = "com.apple.product-type.application";
		};
		3B32DD362850709200CC77D4 /* Example8LoginscreenAlertsTests */ = {
			isa = PBXNativeTarget;
			buildConfigurationList = 3B32DD4E2850709200CC77D4 /* Build configuration list for PBXNativeTarget "Example8LoginscreenAlertsTests" */;
			buildPhases = (
				3B32DD332850709200CC77D4 /* Sources */,
				3B32DD342850709200CC77D4 /* Frameworks */,
				3B32DD352850709200CC77D4 /* Resources */,
			);
			buildRules = (
			);
			dependencies = (
				3B32DD392850709200CC77D4 /* PBXTargetDependency */,
			);
			name = Example8LoginscreenAlertsTests;
			productName = Example8LoginscreenAlertsTests;
			productReference = 3B32DD372850709200CC77D4 /* Example8LoginscreenAlertsTests.xctest */;
			productType = "com.apple.product-type.bundle.unit-test";
		};
		3B32DD402850709200CC77D4 /* Example8LoginscreenAlertsUITests */ = {
			isa = PBXNativeTarget;
			buildConfigurationList = 3B32DD512850709200CC77D4 /* Build configuration list for PBXNativeTarget "Example8LoginscreenAlertsUITests" */;
			buildPhases = (
				3B32DD3D2850709200CC77D4 /* Sources */,
				3B32DD3E2850709200CC77D4 /* Frameworks */,
				3B32DD3F2850709200CC77D4 /* Resources */,
			);
			buildRules = (
			);
			dependencies = (
				3B32DD432850709200CC77D4 /* PBXTargetDependency */,
			);
			name = Example8LoginscreenAlertsUITests;
			productName = Example8LoginscreenAlertsUITests;
			productReference = 3B32DD412850709200CC77D4 /* Example8LoginscreenAlertsUITests.xctest */;
			productType = "com.apple.product-type.bundle.ui-testing";
		};
/* End PBXNativeTarget section */

/* Begin PBXProject section */
		3B32DD192850709000CC77D4 /* Project object */ = {
			isa = PBXProject;
			attributes = {
				BuildIndependentTargetsInParallel = 1;
				LastSwiftUpdateCheck = 1340;
				LastUpgradeCheck = 1340;
				TargetAttributes = {
					3B32DD202850709000CC77D4 = {
						CreatedOnToolsVersion = 13.4.1;
					};
					3B32DD362850709200CC77D4 = {
						CreatedOnToolsVersion = 13.4.1;
						TestTargetID = 3B32DD202850709000CC77D4;
					};
					3B32DD402850709200CC77D4 = {
						CreatedOnToolsVersion = 13.4.1;
						TestTargetID = 3B32DD202850709000CC77D4;
					};
				};
			};
			buildConfigurationList = 3B32DD1C2850709000CC77D4 /* Build configuration list for PBXProject "Example8LoginscreenAlerts" */;
			compatibilityVersion = "Xcode 13.0";
			developmentRegion = en;
			hasScannedForEncodings = 0;
			knownRegions = (
				en,
				Base,
			);
			mainGroup = 3B32DD182850709000CC77D4;
			productRefGroup = 3B32DD222850709000CC77D4 /* Products */;
			projectDirPath = "";
			projectRoot = "";
			targets = (
				3B32DD202850709000CC77D4 /* Example8LoginscreenAlerts */,
				3B32DD362850709200CC77D4 /* Example8LoginscreenAlertsTests */,
				3B32DD402850709200CC77D4 /* Example8LoginscreenAlertsUITests */,
			);
		};
/* End PBXProject section */

/* Begin PBXResourcesBuildPhase section */
		3B32DD1F2850709000CC77D4 /* Resources */ = {
			isa = PBXResourcesBuildPhase;
			buildActionMask = 2147483647;
			files = (
				3B32DD312850709200CC77D4 /* LaunchScreen.storyboard in Resources */,
				3B32DD2E2850709200CC77D4 /* Assets.xcassets in Resources */,
				3B32DD2C2850709000CC77D4 /* Main.storyboard in Resources */,
			);
			runOnlyForDeploymentPostprocessing = 0;
		};
		3B32DD352850709200CC77D4 /* Resources */ = {
			isa = PBXResourcesBuildPhase;
			buildActionMask = 2147483647;
			files = (
			);
			runOnlyForDeploymentPostprocessing = 0;
		};
		3B32DD3F2850709200CC77D4 /* Resources */ = {
			isa = PBXResourcesBuildPhase;
			buildActionMask = 2147483647;
			files = (
			);
			runOnlyForDeploymentPostprocessing = 0;
		};
/* End PBXResourcesBuildPhase section */

/* Begin PBXSourcesBuildPhase section */
		3B32DD1D2850709000CC77D4 /* Sources */ = {
			isa = PBXSourcesBuildPhase;
			buildActionMask = 2147483647;
			files = (
				3B32DD5528507D8B00CC77D4 /* SignInViewController.swift in Sources */,
				3B32DD572850871900CC77D4 /* NewTableViewCell.swift in Sources */,
				3B32DD292850709000CC77D4 /* ViewController.swift in Sources */,
				3B32DD5928508BCC00CC77D4 /* NewCollectionViewCell.swift in Sources */,
				3B32DD252850709000CC77D4 /* AppDelegate.swift in Sources */,
				3B32DD272850709000CC77D4 /* SceneDelegate.swift in Sources */,
			);
			runOnlyForDeploymentPostprocessing = 0;
		};
		3B32DD332850709200CC77D4 /* Sources */ = {
			isa = PBXSourcesBuildPhase;
			buildActionMask = 2147483647;
			files = (
				3B32DD3C2850709200CC77D4 /* Example8LoginscreenAlertsTests.swift in Sources */,
			);
			runOnlyForDeploymentPostprocessing = 0;
		};
		3B32DD3D2850709200CC77D4 /* Sources */ = {
			isa = PBXSourcesBuildPhase;
			buildActionMask = 2147483647;
			files = (
				3B32DD462850709200CC77D4 /* Example8LoginscreenAlertsUITests.swift in Sources */,
				3B32DD482850709200CC77D4 /* Example8LoginscreenAlertsUITestsLaunchTests.swift in Sources */,
			);
			runOnlyForDeploymentPostprocessing = 0;
		};
/* End PBXSourcesBuildPhase section */

/* Begin PBXTargetDependency section */
		3B32DD392850709200CC77D4 /* PBXTargetDependency */ = {
			isa = PBXTargetDependency;
			target = 3B32DD202850709000CC77D4 /* Example8LoginscreenAlerts */;
			targetProxy = 3B32DD382850709200CC77D4 /* PBXContainerItemProxy */;
		};
		3B32DD432850709200CC77D4 /* PBXTargetDependency */ = {
			isa = PBXTargetDependency;
			target = 3B32DD202850709000CC77D4 /* Example8LoginscreenAlerts */;
			targetProxy = 3B32DD422850709200CC77D4 /* PBXContainerItemProxy */;
		};
/* End PBXTargetDependency section */

/* Begin PBXVariantGroup section */
		3B32DD2A2850709000CC77D4 /* Main.storyboard */ = {
			isa = PBXVariantGroup;
			children = (
				3B32DD2B2850709000CC77D4 /* Base */,
			);
			name = Main.storyboard;
			sourceTree = "<group>";
		};
		3B32DD2F2850709200CC77D4 /* LaunchScreen.storyboard */ = {
			isa = PBXVariantGroup;
			children = (
				3B32DD302850709200CC77D4 /* Base */,
			);
			name = LaunchScreen.storyboard;
			sourceTree = "<group>";
		};
/* End PBXVariantGroup section */

/* Begin XCBuildConfiguration section */
		3B32DD492850709200CC77D4 /* Debug */ = {
			isa = XCBuildConfiguration;
			buildSettings = {
				ALWAYS_SEARCH_USER_PATHS = NO;
				CLANG_ANALYZER_NONNULL = YES;
				CLANG_ANALYZER_NUMBER_OBJECT_CONVERSION = YES_AGGRESSIVE;
				CLANG_CXX_LANGUAGE_STANDARD = "gnu++17";
				CLANG_ENABLE_MODULES = YES;
				CLANG_ENABLE_OBJC_ARC = YES;
				CLANG_ENABLE_OBJC_WEAK = YES;
				CLANG_WARN_BLOCK_CAPTURE_AUTORELEASING = YES;
				CLANG_WARN_BOOL_CONVERSION = YES;
				CLANG_WARN_COMMA = YES;
				CLANG_WARN_CONSTANT_CONVERSION = YES;
				CLANG_WARN_DEPRECATED_OBJC_IMPLEMENTATIONS = YES;
				CLANG_WARN_DIRECT_OBJC_ISA_USAGE = YES_ERROR;
				CLANG_WARN_DOCUMENTATION_COMMENTS = YES;
				CLANG_WARN_EMPTY_BODY = YES;
				CLANG_WARN_ENUM_CONVERSION = YES;
				CLANG_WARN_INFINITE_RECURSION = YES;
				CLANG_WARN_INT_CONVERSION = YES;
				CLANG_WARN_NON_LITERAL_NULL_CONVERSION = YES;
				CLANG_WARN_OBJC_IMPLICIT_RETAIN_SELF = YES;
				CLANG_WARN_OBJC_LITERAL_CONVERSION = YES;
				CLANG_WARN_OBJC_ROOT_CLASS = YES_ERROR;
				CLANG_WARN_QUOTED_INCLUDE_IN_FRAMEWORK_HEADER = YES;
				CLANG_WARN_RANGE_LOOP_ANALYSIS = YES;
				CLANG_WARN_STRICT_PROTOTYPES = YES;
				CLANG_WARN_SUSPICIOUS_MOVE = YES;
				CLANG_WARN_UNGUARDED_AVAILABILITY = YES_AGGRESSIVE;
				CLANG_WARN_UNREACHABLE_CODE = YES;
				CLANG_WARN__DUPLICATE_METHOD_MATCH = YES;
				COPY_PHASE_STRIP = NO;
				DEBUG_INFORMATION_FORMAT = dwarf;
				ENABLE_STRICT_OBJC_MSGSEND = YES;
				ENABLE_TESTABILITY = YES;
				GCC_C_LANGUAGE_STANDARD = gnu11;
				GCC_DYNAMIC_NO_PIC = NO;
				GCC_NO_COMMON_BLOCKS = YES;
				GCC_OPTIMIZATION_LEVEL = 0;
				GCC_PREPROCESSOR_DEFINITIONS = (
					"DEBUG=1",
					"$(inherited)",
				);
				GCC_WARN_64_TO_32_BIT_CONVERSION = YES;
				GCC_WARN_ABOUT_RETURN_TYPE = YES_ERROR;
				GCC_WARN_UNDECLARED_SELECTOR = YES;
				GCC_WARN_UNINITIALIZED_AUTOS = YES_AGGRESSIVE;
				GCC_WARN_UNUSED_FUNCTION = YES;
				GCC_WARN_UNUSED_VARIABLE = YES;
				IPHONEOS_DEPLOYMENT_TARGET = 15.5;
				MTL_ENABLE_DEBUG_INFO = INCLUDE_SOURCE;
				MTL_FAST_MATH = YES;
				ONLY_ACTIVE_ARCH = YES;
				SDKROOT = iphoneos;
				SWIFT_ACTIVE_COMPILATION_CONDITIONS = DEBUG;
				SWIFT_OPTIMIZATION_LEVEL = "-Onone";
			};
			name = Debug;
		};
		3B32DD4A2850709200CC77D4 /* Release */ = {
			isa = XCBuildConfiguration;
			buildSettings = {
				ALWAYS_SEARCH_USER_PATHS = NO;
				CLANG_ANALYZER_NONNULL = YES;
				CLANG_ANALYZER_NUMBER_OBJECT_CONVERSION = YES_AGGRESSIVE;
				CLANG_CXX_LANGUAGE_STANDARD = "gnu++17";
				CLANG_ENABLE_MODULES = YES;
				CLANG_ENABLE_OBJC_ARC = YES;
				CLANG_ENABLE_OBJC_WEAK = YES;
				CLANG_WARN_BLOCK_CAPTURE_AUTORELEASING = YES;
				CLANG_WARN_BOOL_CONVERSION = YES;
				CLANG_WARN_COMMA = YES;
				CLANG_WARN_CONSTANT_CONVERSION = YES;
				CLANG_WARN_DEPRECATED_OBJC_IMPLEMENTATIONS = YES;
				CLANG_WARN_DIRECT_OBJC_ISA_USAGE = YES_ERROR;
				CLANG_WARN_DOCUMENTATION_COMMENTS = YES;
				CLANG_WARN_EMPTY_BODY = YES;
				CLANG_WARN_ENUM_CONVERSION = YES;
				CLANG_WARN_INFINITE_RECURSION = YES;
				CLANG_WARN_INT_CONVERSION = YES;
				CLANG_WARN_NON_LITERAL_NULL_CONVERSION = YES;
				CLANG_WARN_OBJC_IMPLICIT_RETAIN_SELF = YES;
				CLANG_WARN_OBJC_LITERAL_CONVERSION = YES;
				CLANG_WARN_OBJC_ROOT_CLASS = YES_ERROR;
				CLANG_WARN_QUOTED_INCLUDE_IN_FRAMEWORK_HEADER = YES;
				CLANG_WARN_RANGE_LOOP_ANALYSIS = YES;
				CLANG_WARN_STRICT_PROTOTYPES = YES;
				CLANG_WARN_SUSPICIOUS_MOVE = YES;
				CLANG_WARN_UNGUARDED_AVAILABILITY = YES_AGGRESSIVE;
				CLANG_WARN_UNREACHABLE_CODE = YES;
				CLANG_WARN__DUPLICATE_METHOD_MATCH = YES;
				COPY_PHASE_STRIP = NO;
				DEBUG_INFORMATION_FORMAT = "dwarf-with-dsym";
				ENABLE_NS_ASSERTIONS = NO;
				ENABLE_STRICT_OBJC_MSGSEND = YES;
				GCC_C_LANGUAGE_STANDARD = gnu11;
				GCC_NO_COMMON_BLOCKS = YES;
				GCC_WARN_64_TO_32_BIT_CONVERSION = YES;
				GCC_WARN_ABOUT_RETURN_TYPE = YES_ERROR;
				GCC_WARN_UNDECLARED_SELECTOR = YES;
				GCC_WARN_UNINITIALIZED_AUTOS = YES_AGGRESSIVE;
				GCC_WARN_UNUSED_FUNCTION = YES;
				GCC_WARN_UNUSED_VARIABLE = YES;
				IPHONEOS_DEPLOYMENT_TARGET = 15.5;
				MTL_ENABLE_DEBUG_INFO = NO;
				MTL_FAST_MATH = YES;
				SDKROOT = iphoneos;
				SWIFT_COMPILATION_MODE = wholemodule;
				SWIFT_OPTIMIZATION_LEVEL = "-O";
				VALIDATE_PRODUCT = YES;
			};
			name = Release;
		};
		3B32DD4C2850709200CC77D4 /* Debug */ = {
			isa = XCBuildConfiguration;
			buildSettings = {
				ASSETCATALOG_COMPILER_APPICON_NAME = AppIcon;
				ASSETCATALOG_COMPILER_GLOBAL_ACCENT_COLOR_NAME = AccentColor;
				CODE_SIGN_STYLE = Automatic;
				CURRENT_PROJECT_VERSION = 1;
				DEVELOPMENT_TEAM = 65P3YVHS2K;
				GENERATE_INFOPLIST_FILE = YES;
				INFOPLIST_FILE = Example8LoginscreenAlerts/Info.plist;
				INFOPLIST_KEY_UIApplicationSupportsIndirectInputEvents = YES;
				INFOPLIST_KEY_UILaunchStoryboardName = LaunchScreen;
				INFOPLIST_KEY_UIMainStoryboardFile = Main;
				INFOPLIST_KEY_UISupportedInterfaceOrientations_iPad = "UIInterfaceOrientationPortrait UIInterfaceOrientationPortraitUpsideDown UIInterfaceOrientationLandscapeLeft UIInterfaceOrientationLandscapeRight";
				INFOPLIST_KEY_UISupportedInterfaceOrientations_iPhone = "UIInterfaceOrientationPortrait UIInterfaceOrientationLandscapeLeft UIInterfaceOrientationLandscapeRight";
				LD_RUNPATH_SEARCH_PATHS = (
					"$(inherited)",
					"@executable_path/Frameworks",
				);
				MARKETING_VERSION = 1.0;
				PRODUCT_BUNDLE_IDENTIFIER = practice.Example8LoginscreenAlerts;
				PRODUCT_NAME = "$(TARGET_NAME)";
				SWIFT_EMIT_LOC_STRINGS = YES;
				SWIFT_VERSION = 5.0;
				TARGETED_DEVICE_FAMILY = "1,2";
			};
			name = Debug;
		};
		3B32DD4D2850709200CC77D4 /* Release */ = {
			isa = XCBuildConfiguration;
			buildSettings = {
				ASSETCATALOG_COMPILER_APPICON_NAME = AppIcon;
				ASSETCATALOG_COMPILER_GLOBAL_ACCENT_COLOR_NAME = AccentColor;
				CODE_SIGN_STYLE = Automatic;
				CURRENT_PROJECT_VERSION = 1;
				DEVELOPMENT_TEAM = 65P3YVHS2K;
				GENERATE_INFOPLIST_FILE = YES;
				INFOPLIST_FILE = Example8LoginscreenAlerts/Info.plist;
				INFOPLIST_KEY_UIApplicationSupportsIndirectInputEvents = YES;
				INFOPLIST_KEY_UILaunchStoryboardName = LaunchScreen;
				INFOPLIST_KEY_UIMainStoryboardFile = Main;
				INFOPLIST_KEY_UISupportedInterfaceOrientations_iPad = "UIInterfaceOrientationPortrait UIInterfaceOrientationPortraitUpsideDown UIInterfaceOrientationLandscapeLeft UIInterfaceOrientationLandscapeRight";
				INFOPLIST_KEY_UISupportedInterfaceOrientations_iPhone = "UIInterfaceOrientationPortrait UIInterfaceOrientationLandscapeLeft UIInterfaceOrientationLandscapeRight";
				LD_RUNPATH_SEARCH_PATHS = (
					"$(inherited)",
					"@executable_path/Frameworks",
				);
				MARKETING_VERSION = 1.0;
				PRODUCT_BUNDLE_IDENTIFIER = practice.Example8LoginscreenAlerts;
				PRODUCT_NAME = "$(TARGET_NAME)";
				SWIFT_EMIT_LOC_STRINGS = YES;
				SWIFT_VERSION = 5.0;
				TARGETED_DEVICE_FAMILY = "1,2";
			};
			name = Release;
		};
		3B32DD4F2850709200CC77D4 /* Debug */ = {
			isa = XCBuildConfiguration;
			buildSettings = {
				ALWAYS_EMBED_SWIFT_STANDARD_LIBRARIES = YES;
				BUNDLE_LOADER = "$(TEST_HOST)";
				CODE_SIGN_STYLE = Automatic;
				CURRENT_PROJECT_VERSION = 1;
				DEVELOPMENT_TEAM = 65P3YVHS2K;
				GENERATE_INFOPLIST_FILE = YES;
				IPHONEOS_DEPLOYMENT_TARGET = 15.5;
				MARKETING_VERSION = 1.0;
				PRODUCT_BUNDLE_IDENTIFIER = practice.Example8LoginscreenAlertsTests;
				PRODUCT_NAME = "$(TARGET_NAME)";
				SWIFT_EMIT_LOC_STRINGS = NO;
				SWIFT_VERSION = 5.0;
				TARGETED_DEVICE_FAMILY = "1,2";
				TEST_HOST = "$(BUILT_PRODUCTS_DIR)/Example8LoginscreenAlerts.app/Example8LoginscreenAlerts";
			};
			name = Debug;
		};
		3B32DD502850709200CC77D4 /* Release */ = {
			isa = XCBuildConfiguration;
			buildSettings = {
				ALWAYS_EMBED_SWIFT_STANDARD_LIBRARIES = YES;
				BUNDLE_LOADER = "$(TEST_HOST)";
				CODE_SIGN_STYLE = Automatic;
				CURRENT_PROJECT_VERSION = 1;
				DEVELOPMENT_TEAM = 65P3YVHS2K;
				GENERATE_INFOPLIST_FILE = YES;
				IPHONEOS_DEPLOYMENT_TARGET = 15.5;
				MARKETING_VERSION = 1.0;
				PRODUCT_BUNDLE_IDENTIFIER = practice.Example8LoginscreenAlertsTests;
				PRODUCT_NAME = "$(TARGET_NAME)";
				SWIFT_EMIT_LOC_STRINGS = NO;
				SWIFT_VERSION = 5.0;
				TARGETED_DEVICE_FAMILY = "1,2";
				TEST_HOST = "$(BUILT_PRODUCTS_DIR)/Example8LoginscreenAlerts.app/Example8LoginscreenAlerts";
			};
			name = Release;
		};
		3B32DD522850709200CC77D4 /* Debug */ = {
			isa = XCBuildConfiguration;
			buildSettings = {
				ALWAYS_EMBED_SWIFT_STANDARD_LIBRARIES = YES;
				CODE_SIGN_STYLE = Automatic;
				CURRENT_PROJECT_VERSION = 1;
				DEVELOPMENT_TEAM = 65P3YVHS2K;
				GENERATE_INFOPLIST_FILE = YES;
				MARKETING_VERSION = 1.0;
				PRODUCT_BUNDLE_IDENTIFIER = practice.Example8LoginscreenAlertsUITests;
				PRODUCT_NAME = "$(TARGET_NAME)";
				SWIFT_EMIT_LOC_STRINGS = NO;
				SWIFT_VERSION = 5.0;
				TARGETED_DEVICE_FAMILY = "1,2";
				TEST_TARGET_NAME = Example8LoginscreenAlerts;
			};
			name = Debug;
		};
		3B32DD532850709200CC77D4 /* Release */ = {
			isa = XCBuildConfiguration;
			buildSettings = {
				ALWAYS_EMBED_SWIFT_STANDARD_LIBRARIES = YES;
				CODE_SIGN_STYLE = Automatic;
				CURRENT_PROJECT_VERSION = 1;
				DEVELOPMENT_TEAM = 65P3YVHS2K;
				GENERATE_INFOPLIST_FILE = YES;
				MARKETING_VERSION = 1.0;
				PRODUCT_BUNDLE_IDENTIFIER = practice.Example8LoginscreenAlertsUITests;
				PRODUCT_NAME = "$(TARGET_NAME)";
				SWIFT_EMIT_LOC_STRINGS = NO;
				SWIFT_VERSION = 5.0;
				TARGETED_DEVICE_FAMILY = "1,2";
				TEST_TARGET_NAME = Example8LoginscreenAlerts;
			};
			name = Release;
		};
/* End XCBuildConfiguration section */

/* Begin XCConfigurationList section */
		3B32DD1C2850709000CC77D4 /* Build configuration list for PBXProject "Example8LoginscreenAlerts" */ = {
			isa = XCConfigurationList;
			buildConfigurations = (
				3B32DD492850709200CC77D4 /* Debug */,
				3B32DD4A2850709200CC77D4 /* Release */,
			);
			defaultConfigurationIsVisible = 0;
			defaultConfigurationName = Release;
		};
		3B32DD4B2850709200CC77D4 /* Build configuration list for PBXNativeTarget "Example8LoginscreenAlerts" */ = {
			isa = XCConfigurationList;
			buildConfigurations = (
				3B32DD4C2850709200CC77D4 /* Debug */,
				3B32DD4D2850709200CC77D4 /* Release */,
			);
			defaultConfigurationIsVisible = 0;
			defaultConfigurationName = Release;
		};
		3B32DD4E2850709200CC77D4 /* Build configuration list for PBXNativeTarget "Example8LoginscreenAlertsTests" */ = {
			isa = XCConfigurationList;
			buildConfigurations = (
				3B32DD4F2850709200CC77D4 /* Debug */,
				3B32DD502850709200CC77D4 /* Release */,
			);
			defaultConfigurationIsVisible = 0;
			defaultConfigurationName = Release;
		};
		3B32DD512850709200CC77D4 /* Build configuration list for PBXNativeTarget "Example8LoginscreenAlertsUITests" */ = {
			isa = XCConfigurationList;
			buildConfigurations = (
				3B32DD522850709200CC77D4 /* Debug */,
				3B32DD532850709200CC77D4 /* Release */,
			);
			defaultConfigurationIsVisible = 0;
			defaultConfigurationName = Release;
		};
/* End XCConfigurationList section */
	};
	rootObject = 3B32DD192850709000CC77D4 /* Project object */;
}
